// !$*UTF8*$!
{
	archiveVersion = 1;
	classes = {
	};
	objectVersion = 45;
	objects = {

/* Begin PBXBuildFile section */
		1D3623260D0F684500981E51 /* FaceDetectionAppDelegate.m in Sources */ = {isa = PBXBuildFile; fileRef = 1D3623250D0F684500981E51 /* FaceDetectionAppDelegate.m */; };
		1D60589B0D05DD56006BFB54 /* main.m in Sources */ = {isa = PBXBuildFile; fileRef = 29B97316FDCFA39411CA2CEA /* main.m */; };
		1D60589F0D05DD5A006BFB54 /* Foundation.framework in Frameworks */ = {isa = PBXBuildFile; fileRef = 1D30AB110D05D00D00671497 /* Foundation.framework */; };
		1DF5F4E00D08C38300B7A737 /* UIKit.framework in Frameworks */ = {isa = PBXBuildFile; fileRef = 1DF5F4DF0D08C38300B7A737 /* UIKit.framework */; };
		288765A50DF7441C002DB57D /* CoreGraphics.framework in Frameworks */ = {isa = PBXBuildFile; fileRef = 288765A40DF7441C002DB57D /* CoreGraphics.framework */; };
		2899E5220DE3E06400AC0155 /* FaceDetectionViewController.xib in Resources */ = {isa = PBXBuildFile; fileRef = 2899E5210DE3E06400AC0155 /* FaceDetectionViewController.xib */; };
		28AD733F0D9D9553002E5188 /* MainWindow.xib in Resources */ = {isa = PBXBuildFile; fileRef = 28AD733E0D9D9553002E5188 /* MainWindow.xib */; };
		28D7ACF80DDB3853001CB0EB /* FaceDetectionViewController.m in Sources */ = {isa = PBXBuildFile; fileRef = 28D7ACF70DDB3853001CB0EB /* FaceDetectionViewController.m */; };
		D71D7607132EF8CC003409A4 /* skull.png in Resources */ = {isa = PBXBuildFile; fileRef = D71D7606132EF8CC003409A4 /* skull.png */; };
		D75DED501322FC01009D84CD /* Accelerate.framework in Frameworks */ = {isa = PBXBuildFile; fileRef = D75DED4F1322FC01009D84CD /* Accelerate.framework */; };
		D75DED731324056F009D84CD /* libcv.a in Frameworks */ = {isa = PBXBuildFile; fileRef = D75DED721324056F009D84CD /* libcv.a */; };
		D75DED7513240587009D84CD /* libcxcore.a in Frameworks */ = {isa = PBXBuildFile; fileRef = D75DED7413240587009D84CD /* libcxcore.a */; };
		D75DEDF71325C713009D84CD /* AVFoundation.framework in Frameworks */ = {isa = PBXBuildFile; fileRef = D75DEDF61325C713009D84CD /* AVFoundation.framework */; };
		D75DEDF91325C72D009D84CD /* CoreMedia.framework in Frameworks */ = {isa = PBXBuildFile; fileRef = D75DEDF81325C72D009D84CD /* CoreMedia.framework */; };
		D75DEDFB1325C73E009D84CD /* CoreVideo.framework in Frameworks */ = {isa = PBXBuildFile; fileRef = D75DEDFA1325C73E009D84CD /* CoreVideo.framework */; };
		D75DEDFD1325C74D009D84CD /* QuartzCore.framework in Frameworks */ = {isa = PBXBuildFile; fileRef = D75DEDFC1325C74D009D84CD /* QuartzCore.framework */; };
		D75DEE251325DC93009D84CD /* CaptureSessionManager.m in Sources */ = {isa = PBXBuildFile; fileRef = D75DEE241325DC93009D84CD /* CaptureSessionManager.m */; };
		D75DEEEA13266B6A009D84CD /* haarcascade_frontalface_default.xml in Resources */ = {isa = PBXBuildFile; fileRef = D75DEEE913266B6A009D84CD /* haarcascade_frontalface_default.xml */; };
/* End PBXBuildFile section */

/* Begin PBXFileReference section */
		1D30AB110D05D00D00671497 /* Foundation.framework */ = {isa = PBXFileReference; lastKnownFileType = wrapper.framework; name = Foundation.framework; path = System/Library/Frameworks/Foundation.framework; sourceTree = SDKROOT; };
		1D3623240D0F684500981E51 /* FaceDetectionAppDelegate.h */ = {isa = PBXFileReference; fileEncoding = 4; lastKnownFileType = sourcecode.c.h; path = FaceDetectionAppDelegate.h; sourceTree = "<group>"; };
		1D3623250D0F684500981E51 /* FaceDetectionAppDelegate.m */ = {isa = PBXFileReference; fileEncoding = 4; lastKnownFileType = sourcecode.c.objc; path = FaceDetectionAppDelegate.m; sourceTree = "<group>"; };
		1D6058910D05DD3D006BFB54 /* FaceDetection.app */ = {isa = PBXFileReference; explicitFileType = wrapper.application; includeInIndex = 0; path = FaceDetection.app; sourceTree = BUILT_PRODUCTS_DIR; };
		1DF5F4DF0D08C38300B7A737 /* UIKit.framework */ = {isa = PBXFileReference; lastKnownFileType = wrapper.framework; name = UIKit.framework; path = System/Library/Frameworks/UIKit.framework; sourceTree = SDKROOT; };
		288765A40DF7441C002DB57D /* CoreGraphics.framework */ = {isa = PBXFileReference; lastKnownFileType = wrapper.framework; name = CoreGraphics.framework; path = System/Library/Frameworks/CoreGraphics.framework; sourceTree = SDKROOT; };
		2899E5210DE3E06400AC0155 /* FaceDetectionViewController.xib */ = {isa = PBXFileReference; lastKnownFileType = file.xib; path = FaceDetectionViewController.xib; sourceTree = "<group>"; };
		28AD733E0D9D9553002E5188 /* MainWindow.xib */ = {isa = PBXFileReference; lastKnownFileType = file.xib; path = MainWindow.xib; sourceTree = "<group>"; };
		28D7ACF60DDB3853001CB0EB /* FaceDetectionViewController.h */ = {isa = PBXFileReference; fileEncoding = 4; lastKnownFileType = sourcecode.c.h; path = FaceDetectionViewController.h; sourceTree = "<group>"; };
		28D7ACF70DDB3853001CB0EB /* FaceDetectionViewController.m */ = {isa = PBXFileReference; fileEncoding = 4; lastKnownFileType = sourcecode.c.objc; path = FaceDetectionViewController.m; sourceTree = "<group>"; };
		29B97316FDCFA39411CA2CEA /* main.m */ = {isa = PBXFileReference; fileEncoding = 4; lastKnownFileType = sourcecode.c.objc; path = main.m; sourceTree = "<group>"; };
		32CA4F630368D1EE00C91783 /* FaceDetection_Prefix.pch */ = {isa = PBXFileReference; fileEncoding = 4; lastKnownFileType = sourcecode.c.h; path = FaceDetection_Prefix.pch; sourceTree = "<group>"; };
		8D1107310486CEB800E47090 /* FaceDetection-Info.plist */ = {isa = PBXFileReference; fileEncoding = 4; lastKnownFileType = text.plist.xml; path = "FaceDetection-Info.plist"; plistStructureDefinitionIdentifier = "com.apple.xcode.plist.structure-definition.iphone.info-plist"; sourceTree = "<group>"; };
		D71D7606132EF8CC003409A4 /* skull.png */ = {isa = PBXFileReference; lastKnownFileType = image.png; path = skull.png; sourceTree = "<group>"; };
		D75DED4F1322FC01009D84CD /* Accelerate.framework */ = {isa = PBXFileReference; lastKnownFileType = wrapper.framework; name = Accelerate.framework; path = System/Library/Frameworks/Accelerate.framework; sourceTree = SDKROOT; };
		D75DED721324056F009D84CD /* libcv.a */ = {isa = PBXFileReference; lastKnownFileType = archive.ar; path = libcv.a; sourceTree = "<group>"; };
		D75DED7413240587009D84CD /* libcxcore.a */ = {isa = PBXFileReference; lastKnownFileType = archive.ar; path = libcxcore.a; sourceTree = "<group>"; };
		D75DEDF61325C713009D84CD /* AVFoundation.framework */ = {isa = PBXFileReference; lastKnownFileType = wrapper.framework; name = AVFoundation.framework; path = System/Library/Frameworks/AVFoundation.framework; sourceTree = SDKROOT; };
		D75DEDF81325C72D009D84CD /* CoreMedia.framework */ = {isa = PBXFileReference; lastKnownFileType = wrapper.framework; name = CoreMedia.framework; path = System/Library/Frameworks/CoreMedia.framework; sourceTree = SDKROOT; };
		D75DEDFA1325C73E009D84CD /* CoreVideo.framework */ = {isa = PBXFileReference; lastKnownFileType = wrapper.framework; name = CoreVideo.framework; path = System/Library/Frameworks/CoreVideo.framework; sourceTree = SDKROOT; };
		D75DEDFC1325C74D009D84CD /* QuartzCore.framework */ = {isa = PBXFileReference; lastKnownFileType = wrapper.framework; name = QuartzCore.framework; path = System/Library/Frameworks/QuartzCore.framework; sourceTree = SDKROOT; };
		D75DEE231325DC93009D84CD /* CaptureSessionManager.h */ = {isa = PBXFileReference; fileEncoding = 4; lastKnownFileType = sourcecode.c.h; path = CaptureSessionManager.h; sourceTree = "<group>"; };
		D75DEE241325DC93009D84CD /* CaptureSessionManager.m */ = {isa = PBXFileReference; fileEncoding = 4; lastKnownFileType = sourcecode.c.objc; path = CaptureSessionManager.m; sourceTree = "<group>"; };
		D75DEEE913266B6A009D84CD /* haarcascade_frontalface_default.xml */ = {isa = PBXFileReference; fileEncoding = 4; lastKnownFileType = text.xml; path = haarcascade_frontalface_default.xml; sourceTree = "<group>"; };
/* End PBXFileReference section */

/* Begin PBXFrameworksBuildPhase section */
		1D60588F0D05DD3D006BFB54 /* Frameworks */ = {
			isa = PBXFrameworksBuildPhase;
			buildActionMask = 2147483647;
			files = (
				1D60589F0D05DD5A006BFB54 /* Foundation.framework in Frameworks */,
				1DF5F4E00D08C38300B7A737 /* UIKit.framework in Frameworks */,
				288765A50DF7441C002DB57D /* CoreGraphics.framework in Frameworks */,
				D75DED501322FC01009D84CD /* Accelerate.framework in Frameworks */,
				D75DED731324056F009D84CD /* libcv.a in Frameworks */,
				D75DED7513240587009D84CD /* libcxcore.a in Frameworks */,
				D75DEDF71325C713009D84CD /* AVFoundation.framework in Frameworks */,
				D75DEDF91325C72D009D84CD /* CoreMedia.framework in Frameworks */,
				D75DEDFB1325C73E009D84CD /* CoreVideo.framework in Frameworks */,
				D75DEDFD1325C74D009D84CD /* QuartzCore.framework in Frameworks */,
			);
			runOnlyForDeploymentPostprocessing = 0;
		};
/* End PBXFrameworksBuildPhase section */

/* Begin PBXGroup section */
		080E96DDFE201D6D7F000001 /* Classes */ = {
			isa = PBXGroup;
			children = (
				D75DEE231325DC93009D84CD /* CaptureSessionManager.h */,
				D75DEE241325DC93009D84CD /* CaptureSessionManager.m */,
				1D3623240D0F684500981E51 /* FaceDetectionAppDelegate.h */,
				1D3623250D0F684500981E51 /* FaceDetectionAppDelegate.m */,
				28D7ACF60DDB3853001CB0EB /* FaceDetectionViewController.h */,
				28D7ACF70DDB3853001CB0EB /* FaceDetectionViewController.m */,
			);
			path = Classes;
			sourceTree = "<group>";
		};
		19C28FACFE9D520D11CA2CBB /* Products */ = {
			isa = PBXGroup;
			children = (
				1D6058910D05DD3D006BFB54 /* FaceDetection.app */,
			);
			name = Products;
			sourceTree = "<group>";
		};
		29B97314FDCFA39411CA2CEA /* CustomTemplate */ = {
			isa = PBXGroup;
			children = (
				D75DEA421322F52E009D84CD /* Libraries */,
				080E96DDFE201D6D7F000001 /* Classes */,
				29B97315FDCFA39411CA2CEA /* Other Sources */,
				29B97317FDCFA39411CA2CEA /* Resources */,
				29B97323FDCFA39411CA2CEA /* Frameworks */,
				19C28FACFE9D520D11CA2CBB /* Products */,
			);
			name = CustomTemplate;
			sourceTree = "<group>";
		};
		29B97315FDCFA39411CA2CEA /* Other Sources */ = {
			isa = PBXGroup;
			children = (
				32CA4F630368D1EE00C91783 /* FaceDetection_Prefix.pch */,
				29B97316FDCFA39411CA2CEA /* main.m */,
			);
			name = "Other Sources";
			sourceTree = "<group>";
		};
		29B97317FDCFA39411CA2CEA /* Resources */ = {
			isa = PBXGroup;
			children = (
				D71D7606132EF8CC003409A4 /* skull.png */,
				D75DEEE913266B6A009D84CD /* haarcascade_frontalface_default.xml */,
				2899E5210DE3E06400AC0155 /* FaceDetectionViewController.xib */,
				28AD733E0D9D9553002E5188 /* MainWindow.xib */,
				8D1107310486CEB800E47090 /* FaceDetection-Info.plist */,
			);
			name = Resources;
			sourceTree = "<group>";
		};
		29B97323FDCFA39411CA2CEA /* Frameworks */ = {
			isa = PBXGroup;
			children = (
				1DF5F4DF0D08C38300B7A737 /* UIKit.framework */,
				1D30AB110D05D00D00671497 /* Foundation.framework */,
				288765A40DF7441C002DB57D /* CoreGraphics.framework */,
				D75DED4F1322FC01009D84CD /* Accelerate.framework */,
				D75DEDF61325C713009D84CD /* AVFoundation.framework */,
				D75DEDF81325C72D009D84CD /* CoreMedia.framework */,
				D75DEDFA1325C73E009D84CD /* CoreVideo.framework */,
				D75DEDFC1325C74D009D84CD /* QuartzCore.framework */,
			);
			name = Frameworks;
			sourceTree = "<group>";
		};
		D75DEA421322F52E009D84CD /* Libraries */ = {
			isa = PBXGroup;
			children = (
				D75DED7413240587009D84CD /* libcxcore.a */,
				D75DED721324056F009D84CD /* libcv.a */,
			);
			name = Libraries;
			sourceTree = "<group>";
		};
/* End PBXGroup section */

/* Begin PBXNativeTarget section */
		1D6058900D05DD3D006BFB54 /* FaceDetection */ = {
			isa = PBXNativeTarget;
			buildConfigurationList = 1D6058960D05DD3E006BFB54 /* Build configuration list for PBXNativeTarget "FaceDetection" */;
			buildPhases = (
				1D60588D0D05DD3D006BFB54 /* Resources */,
				1D60588E0D05DD3D006BFB54 /* Sources */,
				1D60588F0D05DD3D006BFB54 /* Frameworks */,
			);
			buildRules = (
			);
			dependencies = (
			);
			name = FaceDetection;
			productName = FaceDetection;
			productReference = 1D6058910D05DD3D006BFB54 /* FaceDetection.app */;
			productType = "com.apple.product-type.application";
		};
/* End PBXNativeTarget section */

/* Begin PBXProject section */
		29B97313FDCFA39411CA2CEA /* Project object */ = {
			isa = PBXProject;
			buildConfigurationList = C01FCF4E08A954540054247B /* Build configuration list for PBXProject "FaceDetection" */;
			compatibilityVersion = "Xcode 3.1";
			developmentRegion = English;
			hasScannedForEncodings = 1;
			knownRegions = (
				English,
				Japanese,
				French,
				German,
			);
			mainGroup = 29B97314FDCFA39411CA2CEA /* CustomTemplate */;
			projectDirPath = "";
			projectRoot = "";
			targets = (
				1D6058900D05DD3D006BFB54 /* FaceDetection */,
			);
		};
/* End PBXProject section */

/* Begin PBXResourcesBuildPhase section */
		1D60588D0D05DD3D006BFB54 /* Resources */ = {
			isa = PBXResourcesBuildPhase;
			buildActionMask = 2147483647;
			files = (
				28AD733F0D9D9553002E5188 /* MainWindow.xib in Resources */,
				2899E5220DE3E06400AC0155 /* FaceDetectionViewController.xib in Resources */,
				D75DEEEA13266B6A009D84CD /* haarcascade_frontalface_default.xml in Resources */,
				D71D7607132EF8CC003409A4 /* skull.png in Resources */,
			);
			runOnlyForDeploymentPostprocessing = 0;
		};
/* End PBXResourcesBuildPhase section */

/* Begin PBXSourcesBuildPhase section */
		1D60588E0D05DD3D006BFB54 /* Sources */ = {
			isa = PBXSourcesBuildPhase;
			buildActionMask = 2147483647;
			files = (
				1D60589B0D05DD56006BFB54 /* main.m in Sources */,
				1D3623260D0F684500981E51 /* FaceDetectionAppDelegate.m in Sources */,
				28D7ACF80DDB3853001CB0EB /* FaceDetectionViewController.m in Sources */,
				D75DEE251325DC93009D84CD /* CaptureSessionManager.m in Sources */,
			);
			runOnlyForDeploymentPostprocessing = 0;
		};
/* End PBXSourcesBuildPhase section */

/* Begin XCBuildConfiguration section */
		1D6058940D05DD3E006BFB54 /* Debug */ = {
			isa = XCBuildConfiguration;
			buildSettings = {
				ALWAYS_SEARCH_USER_PATHS = NO;
				COPY_PHASE_STRIP = NO;
				GCC_DYNAMIC_NO_PIC = NO;
				GCC_OPTIMIZATION_LEVEL = 0;
				GCC_PRECOMPILE_PREFIX_HEADER = YES;
				GCC_PREFIX_HEADER = FaceDetection_Prefix.pch;
				"HEADER_SEARCH_PATHS[sdk=iphoneos*][arch=*]" = "$(SRCROOT)/opencv_device/include";
				"HEADER_SEARCH_PATHS[sdk=iphonesimulator*][arch=*]" = "$(SRCROOT)/opencv_simulator/include";
				INFOPLIST_FILE = "FaceDetection-Info.plist";
				LIBRARY_SEARCH_PATHS = (
					"$(inherited)",
					"\"$(SRCROOT)/opencv_device/lib\"",
				);
				"LIBRARY_SEARCH_PATHS[sdk=iphoneos*][arch=*]" = "$(SRCROOT)/opencv_device/lib";
				"LIBRARY_SEARCH_PATHS[sdk=iphonesimulator*][arch=*]" = "$(SRCROOT)/opencv_simulator/lib";
				OTHER_LDFLAGS = (
					"-lz",
					"-lstdc++",
				);
				PRODUCT_NAME = FaceDetection;
			};
			name = Debug;
		};
		1D6058950D05DD3E006BFB54 /* Release */ = {
			isa = XCBuildConfiguration;
			buildSettings = {
				ALWAYS_SEARCH_USER_PATHS = NO;
				COPY_PHASE_STRIP = YES;
				GCC_PRECOMPILE_PREFIX_HEADER = YES;
				GCC_PREFIX_HEADER = FaceDetection_Prefix.pch;
				INFOPLIST_FILE = "FaceDetection-Info.plist";
				LIBRARY_SEARCH_PATHS = (
					"$(inherited)",
					"\"$(SRCROOT)/OpenCVLibrary2.0/lib/iPhoneOS/lib\"",
					"\"$(SRCROOT)/OpenCVLibrary2.0/lib/iPhoneSimulator/lib\"",
					"\"$(SRCROOT)/../../../../iPhone/OpenCVLibrary2.0/lib/iPhoneOS/lib\"",
					"\"$(SRCROOT)/../../../../iPhone/OpenCVLibrary2.0/lib/iPhoneSimulator/lib\"",
					"\"$(SRCROOT)\"",
				);
				PRODUCT_NAME = FaceDetection;
				VALIDATE_PRODUCT = YES;
			};
			name = Release;
		};
		C01FCF4F08A954540054247B /* Debug */ = {
			isa = XCBuildConfiguration;
			buildSettings = {
				ARCHS = "$(ARCHS_STANDARD_32_BIT)";
				"CODE_SIGN_IDENTITY[sdk=iphoneos*]" = "iPhone Developer";
				GCC_C_LANGUAGE_STANDARD = c99;
				GCC_WARN_ABOUT_RETURN_TYPE = YES;
				GCC_WARN_UNUSED_VARIABLE = YES;
				PREBINDING = NO;
				SDKROOT = iphoneos;
			};
			name = Debug;
		};
		C01FCF5008A954540054247B /* Release */ = {
			isa = XCBuildConfiguration;
			buildSettings = {
				ARCHS = "$(ARCHS_STANDARD_32_BIT)";
				"CODE_SIGN_IDENTITY[sdk=iphoneos*]" = "iPhone Developer";
				GCC_C_LANGUAGE_STANDARD = c99;
				GCC_WARN_ABOUT_RETURN_TYPE = YES;
				GCC_WARN_UNUSED_VARIABLE = YES;
				OTHER_CFLAGS = "-DNS_BLOCK_ASSERTIONS=1";
				PREBINDING = NO;
				SDKROOT = iphoneos;
			};
			name = Release;
		};
/* End XCBuildConfiguration section */

/* Begin XCConfigurationList section */
		1D6058960D05DD3E006BFB54 /* Build configuration list for PBXNativeTarget "FaceDetection" */ = {
			isa = XCConfigurationList;
			buildConfigurations = (
				1D6058940D05DD3E006BFB54 /* Debug */,
				1D6058950D05DD3E006BFB54 /* Release */,
			);
			defaultConfigurationIsVisible = 0;
			defaultConfigurationName = Release;
		};
		C01FCF4E08A954540054247B /* Build configuration list for PBXProject "FaceDetection" */ = {
			isa = XCConfigurationList;
			buildConfigurations = (
				C01FCF4F08A954540054247B /* Debug */,
				C01FCF5008A954540054247B /* Release */,
			);
			defaultConfigurationIsVisible = 0;
			defaultConfigurationName = Release;
		};
/* End XCConfigurationList section */
	};
	rootObject = 29B97313FDCFA39411CA2CEA /* Project object */;
}
